
Microsoft Visual Studio Solution File, Format Version 12.00
# Visual Studio Version 16
VisualStudioVersion = 16.0.29709.97
MinimumVisualStudioVersion = 10.0.40219.1
Project("{FAE04EC0-301F-11D3-BF4B-00C04F79EFBC}") = "Capstone - Pig Latin", "Capstone - Pig Latin\Capstone - Pig Latin.csproj", "{A26F8990-A349-4947-81DC-446C633AC87F}"
EndProject
Global
	GlobalSection(SolutionConfigurationPlatforms) = preSolution
		Debug|Any CPU = Debug|Any CPU
		Release|Any CPU = Release|Any CPU
	EndGlobalSection
	GlobalSection(ProjectConfigurationPlatforms) = postSolution
		{A26F8990-A349-4947-81DC-446C633AC87F}.Debug|Any CPU.ActiveCfg = Debug|Any CPU
		{A26F8990-A349-4947-81DC-446C633AC87F}.Debug|Any CPU.Build.0 = Debug|Any CPU
		{A26F8990-A349-4947-81DC-446C633AC87F}.Release|Any CPU.ActiveCfg = Release|Any CPU
		{A26F8990-A349-4947-81DC-446C633AC87F}.Release|Any CPU.Build.0 = Release|Any CPU
	EndGlobalSection
	GlobalSection(SolutionProperties) = preSolution
		HideSolutionNode = FALSE
	EndGlobalSection
	GlobalSection(ExtensibilityGlobals) = postSolution
		SolutionGuid = {B1BBA6AA-31A1-4FEA-8B4A-C0B66B672F7D}
	EndGlobalSection
EndGlobal
